
Microsoft Visual Studio Solution File, Format Version 12.00
# Visual Studio Version 17
VisualStudioVersion = 17.14.36401.2
MinimumVisualStudioVersion = 10.0.40219.1
Project("{FAE04EC0-301F-11D3-BF4B-00C04F79EFBC}") = "SaberOnline.API", "src\SaberOnline.API\SaberOnline.API.csproj", "{08615CBE-5D43-41C0-B30C-91573C9181C2}"
EndProject
Project("{2150E333-8FDC-42A3-9474-1A3956D46DE8}") = "Services", "Services", "{02EA681E-C7D8-13C7-8484-4AC65E1B71E8}"
EndProject
Project("{2150E333-8FDC-42A3-9474-1A3956D46DE8}") = "Autenticacao", "Autenticacao", "{56661A52-C24E-4A79-A636-5D2927B20F38}"
EndProject
Project("{FAE04EC0-301F-11D3-BF4B-00C04F79EFBC}") = "SaberOnline.Autenticacao.Data", "src\SaberOnline.Autenticacao.Data\SaberOnline.Autenticacao.Data.csproj", "{1D775953-7CC2-46FA-8473-7A0076611FE5}"
EndProject
Project("{2150E333-8FDC-42A3-9474-1A3956D46DE8}") = "Conteudo", "Conteudo", "{A6B2A7D5-45A3-4024-8AAF-5F2BE3A9AC93}"
EndProject
Project("{2150E333-8FDC-42A3-9474-1A3956D46DE8}") = "Aluno", "Aluno", "{7B6C22B5-66CC-4BB5-9CC6-7DA3E1ADAB8B}"
EndProject
Project("{2150E333-8FDC-42A3-9474-1A3956D46DE8}") = "Faturamento", "Faturamento", "{210F6858-0516-4AF0-A448-A5F6538134FE}"
EndProject
Project("{2150E333-8FDC-42A3-9474-1A3956D46DE8}") = "Core", "Core", "{AF370882-7DF3-45FA-8B03-DA7871B3F6D3}"
EndProject
Project("{FAE04EC0-301F-11D3-BF4B-00C04F79EFBC}") = "SaberOnline.Core", "src\SaberOnline.Core\SaberOnline.Core.csproj", "{077EB4C5-B0C0-4648-8817-A7114814CE3B}"
EndProject
Project("{FAE04EC0-301F-11D3-BF4B-00C04F79EFBC}") = "SaberOnline.Aluno.Domain", "src\SaberOnline.Aluno.Domain\SaberOnline.Aluno.Domain.csproj", "{024B888B-705C-45A1-88BC-F87677F327CB}"
EndProject
Project("{FAE04EC0-301F-11D3-BF4B-00C04F79EFBC}") = "SaberOnline.Aluno.Data", "SaberOnline.Aluno.Data\SaberOnline.Aluno.Data.csproj", "{6F8A65A4-A114-49E6-BAF2-96D73EF892C0}"
EndProject
Project("{FAE04EC0-301F-11D3-BF4B-00C04F79EFBC}") = "SaberOnline.Aluno.Application", "src\SaberOnline.Aluno.Application\SaberOnline.Aluno.Application.csproj", "{B54F1B16-9405-42BD-9DAE-7C4E1CE50691}"
EndProject
Project("{FAE04EC0-301F-11D3-BF4B-00C04F79EFBC}") = "SaberOnline.Conteudo.Domain", "SaberOnline.Conteudo.Domain\SaberOnline.Conteudo.Domain.csproj", "{B7E54592-FE2B-4A5B-BD68-0C6D4A2A11D3}"
EndProject
Project("{2150E333-8FDC-42A3-9474-1A3956D46DE8}") = "Testes", "Testes", "{9C6BFB3C-B0EC-4E13-9C6A-D79C45C61ABD}"
EndProject
Project("{FAE04EC0-301F-11D3-BF4B-00C04F79EFBC}") = "SaberOnline.Conteudo.Testes", "src\SaberOnline.Conteudo.Domain.Testes\SaberOnline.Conteudo.Testes.csproj", "{85887FD0-A058-4EC0-B04A-CE4BBABF795D}"
EndProject
Project("{FAE04EC0-301F-11D3-BF4B-00C04F79EFBC}") = "SaberOnline.Conteudo.Data", "src\SaberOnline.Conteudo.Data\SaberOnline.Conteudo.Data.csproj", "{14AEF48C-6968-48C5-8B45-A628384CDCE7}"
EndProject
Project("{FAE04EC0-301F-11D3-BF4B-00C04F79EFBC}") = "SaberOnline.Conteudo.Application", "src\SaberOnline.Conteudo.Application\SaberOnline.Conteudo.Application.csproj", "{F822A00F-FF74-4251-BEAC-A973867CA29E}"
EndProject
Project("{FAE04EC0-301F-11D3-BF4B-00C04F79EFBC}") = "SaberOnline.Faturamento.Domain", "src\SaberOnline.Faturamento.Domain\SaberOnline.Faturamento.Domain.csproj", "{09962148-35AA-42DA-9967-C8861902C3B2}"
EndProject
Project("{FAE04EC0-301F-11D3-BF4B-00C04F79EFBC}") = "SaberOnline.Faturamento.Data", "src\SaberOnline.Faturamento.Data\SaberOnline.Faturamento.Data.csproj", "{5A47EEA3-7A84-4A58-825F-E83528CF850C}"
EndProject
Project("{FAE04EC0-301F-11D3-BF4B-00C04F79EFBC}") = "SaberOnline.Faturamento.Application", "src\SaberOnline.Faturamento.Application\SaberOnline.Faturamento.Application.csproj", "{BC805807-FBAD-463D-903F-DA60CB4B1703}"
EndProject
Project("{2150E333-8FDC-42A3-9474-1A3956D46DE8}") = "Tests", "Tests", "{632CC53E-75C4-4CE4-9FD6-3D238CA17193}"
EndProject
Project("{FAE04EC0-301F-11D3-BF4B-00C04F79EFBC}") = "SaberOnline.Aluno.Tests", "src\SaberOnline.Aluno.Tests\SaberOnline.Aluno.Tests.csproj", "{EEB752D0-6917-4215-8984-0690B50DCEDC}"
EndProject
Project("{2150E333-8FDC-42A3-9474-1A3956D46DE8}") = "Testes", "Testes", "{4E18768C-4721-4381-8E54-D3DEAF197228}"
EndProject
Project("{FAE04EC0-301F-11D3-BF4B-00C04F79EFBC}") = "SaberOnline.Faturamento.Testes", "src\SaberOnline.Faturamento.Testes\SaberOnline.Faturamento.Testes.csproj", "{98F0946E-3128-4FFD-97F8-E783E129C0E7}"
EndProject
Global
	GlobalSection(SolutionConfigurationPlatforms) = preSolution
		Debug|Any CPU = Debug|Any CPU
		Release|Any CPU = Release|Any CPU
	EndGlobalSection
	GlobalSection(ProjectConfigurationPlatforms) = postSolution
		{08615CBE-5D43-41C0-B30C-91573C9181C2}.Debug|Any CPU.ActiveCfg = Debug|Any CPU
		{08615CBE-5D43-41C0-B30C-91573C9181C2}.Debug|Any CPU.Build.0 = Debug|Any CPU
		{08615CBE-5D43-41C0-B30C-91573C9181C2}.Release|Any CPU.ActiveCfg = Release|Any CPU
		{08615CBE-5D43-41C0-B30C-91573C9181C2}.Release|Any CPU.Build.0 = Release|Any CPU
		{1D775953-7CC2-46FA-8473-7A0076611FE5}.Debug|Any CPU.ActiveCfg = Debug|Any CPU
		{1D775953-7CC2-46FA-8473-7A0076611FE5}.Debug|Any CPU.Build.0 = Debug|Any CPU
		{1D775953-7CC2-46FA-8473-7A0076611FE5}.Release|Any CPU.ActiveCfg = Release|Any CPU
		{1D775953-7CC2-46FA-8473-7A0076611FE5}.Release|Any CPU.Build.0 = Release|Any CPU
		{077EB4C5-B0C0-4648-8817-A7114814CE3B}.Debug|Any CPU.ActiveCfg = Debug|Any CPU
		{077EB4C5-B0C0-4648-8817-A7114814CE3B}.Debug|Any CPU.Build.0 = Debug|Any CPU
		{077EB4C5-B0C0-4648-8817-A7114814CE3B}.Release|Any CPU.ActiveCfg = Release|Any CPU
		{077EB4C5-B0C0-4648-8817-A7114814CE3B}.Release|Any CPU.Build.0 = Release|Any CPU
		{024B888B-705C-45A1-88BC-F87677F327CB}.Debug|Any CPU.ActiveCfg = Debug|Any CPU
		{024B888B-705C-45A1-88BC-F87677F327CB}.Debug|Any CPU.Build.0 = Debug|Any CPU
		{024B888B-705C-45A1-88BC-F87677F327CB}.Release|Any CPU.ActiveCfg = Release|Any CPU
		{024B888B-705C-45A1-88BC-F87677F327CB}.Release|Any CPU.Build.0 = Release|Any CPU
		{6F8A65A4-A114-49E6-BAF2-96D73EF892C0}.Debug|Any CPU.ActiveCfg = Debug|Any CPU
		{6F8A65A4-A114-49E6-BAF2-96D73EF892C0}.Debug|Any CPU.Build.0 = Debug|Any CPU
		{6F8A65A4-A114-49E6-BAF2-96D73EF892C0}.Release|Any CPU.ActiveCfg = Release|Any CPU
		{6F8A65A4-A114-49E6-BAF2-96D73EF892C0}.Release|Any CPU.Build.0 = Release|Any CPU
		{B54F1B16-9405-42BD-9DAE-7C4E1CE50691}.Debug|Any CPU.ActiveCfg = Debug|Any CPU
		{B54F1B16-9405-42BD-9DAE-7C4E1CE50691}.Debug|Any CPU.Build.0 = Debug|Any CPU
		{B54F1B16-9405-42BD-9DAE-7C4E1CE50691}.Release|Any CPU.ActiveCfg = Release|Any CPU
		{B54F1B16-9405-42BD-9DAE-7C4E1CE50691}.Release|Any CPU.Build.0 = Release|Any CPU
		{B7E54592-FE2B-4A5B-BD68-0C6D4A2A11D3}.Debug|Any CPU.ActiveCfg = Debug|Any CPU
		{B7E54592-FE2B-4A5B-BD68-0C6D4A2A11D3}.Debug|Any CPU.Build.0 = Debug|Any CPU
		{B7E54592-FE2B-4A5B-BD68-0C6D4A2A11D3}.Release|Any CPU.ActiveCfg = Release|Any CPU
		{B7E54592-FE2B-4A5B-BD68-0C6D4A2A11D3}.Release|Any CPU.Build.0 = Release|Any CPU
		{85887FD0-A058-4EC0-B04A-CE4BBABF795D}.Debug|Any CPU.ActiveCfg = Debug|Any CPU
		{85887FD0-A058-4EC0-B04A-CE4BBABF795D}.Debug|Any CPU.Build.0 = Debug|Any CPU
		{85887FD0-A058-4EC0-B04A-CE4BBABF795D}.Release|Any CPU.ActiveCfg = Release|Any CPU
		{85887FD0-A058-4EC0-B04A-CE4BBABF795D}.Release|Any CPU.Build.0 = Release|Any CPU
		{14AEF48C-6968-48C5-8B45-A628384CDCE7}.Debug|Any CPU.ActiveCfg = Debug|Any CPU
		{14AEF48C-6968-48C5-8B45-A628384CDCE7}.Debug|Any CPU.Build.0 = Debug|Any CPU
		{14AEF48C-6968-48C5-8B45-A628384CDCE7}.Release|Any CPU.ActiveCfg = Release|Any CPU
		{14AEF48C-6968-48C5-8B45-A628384CDCE7}.Release|Any CPU.Build.0 = Release|Any CPU
		{F822A00F-FF74-4251-BEAC-A973867CA29E}.Debug|Any CPU.ActiveCfg = Debug|Any CPU
		{F822A00F-FF74-4251-BEAC-A973867CA29E}.Debug|Any CPU.Build.0 = Debug|Any CPU
		{F822A00F-FF74-4251-BEAC-A973867CA29E}.Release|Any CPU.ActiveCfg = Release|Any CPU
		{F822A00F-FF74-4251-BEAC-A973867CA29E}.Release|Any CPU.Build.0 = Release|Any CPU
		{09962148-35AA-42DA-9967-C8861902C3B2}.Debug|Any CPU.ActiveCfg = Debug|Any CPU
		{09962148-35AA-42DA-9967-C8861902C3B2}.Debug|Any CPU.Build.0 = Debug|Any CPU
		{09962148-35AA-42DA-9967-C8861902C3B2}.Release|Any CPU.ActiveCfg = Release|Any CPU
		{09962148-35AA-42DA-9967-C8861902C3B2}.Release|Any CPU.Build.0 = Release|Any CPU
		{5A47EEA3-7A84-4A58-825F-E83528CF850C}.Debug|Any CPU.ActiveCfg = Debug|Any CPU
		{5A47EEA3-7A84-4A58-825F-E83528CF850C}.Debug|Any CPU.Build.0 = Debug|Any CPU
		{5A47EEA3-7A84-4A58-825F-E83528CF850C}.Release|Any CPU.ActiveCfg = Release|Any CPU
		{5A47EEA3-7A84-4A58-825F-E83528CF850C}.Release|Any CPU.Build.0 = Release|Any CPU
		{BC805807-FBAD-463D-903F-DA60CB4B1703}.Debug|Any CPU.ActiveCfg = Debug|Any CPU
		{BC805807-FBAD-463D-903F-DA60CB4B1703}.Debug|Any CPU.Build.0 = Debug|Any CPU
		{BC805807-FBAD-463D-903F-DA60CB4B1703}.Release|Any CPU.ActiveCfg = Release|Any CPU
		{BC805807-FBAD-463D-903F-DA60CB4B1703}.Release|Any CPU.Build.0 = Release|Any CPU
		{EEB752D0-6917-4215-8984-0690B50DCEDC}.Debug|Any CPU.ActiveCfg = Debug|Any CPU
		{EEB752D0-6917-4215-8984-0690B50DCEDC}.Debug|Any CPU.Build.0 = Debug|Any CPU
		{EEB752D0-6917-4215-8984-0690B50DCEDC}.Release|Any CPU.ActiveCfg = Release|Any CPU
		{EEB752D0-6917-4215-8984-0690B50DCEDC}.Release|Any CPU.Build.0 = Release|Any CPU
		{98F0946E-3128-4FFD-97F8-E783E129C0E7}.Debug|Any CPU.ActiveCfg = Debug|Any CPU
		{98F0946E-3128-4FFD-97F8-E783E129C0E7}.Debug|Any CPU.Build.0 = Debug|Any CPU
		{98F0946E-3128-4FFD-97F8-E783E129C0E7}.Release|Any CPU.ActiveCfg = Release|Any CPU
		{98F0946E-3128-4FFD-97F8-E783E129C0E7}.Release|Any CPU.Build.0 = Release|Any CPU
	EndGlobalSection
	GlobalSection(SolutionProperties) = preSolution
		HideSolutionNode = FALSE
	EndGlobalSection
	GlobalSection(NestedProjects) = preSolution
		{56661A52-C24E-4A79-A636-5D2927B20F38} = {02EA681E-C7D8-13C7-8484-4AC65E1B71E8}
		{1D775953-7CC2-46FA-8473-7A0076611FE5} = {56661A52-C24E-4A79-A636-5D2927B20F38}
		{A6B2A7D5-45A3-4024-8AAF-5F2BE3A9AC93} = {02EA681E-C7D8-13C7-8484-4AC65E1B71E8}
		{7B6C22B5-66CC-4BB5-9CC6-7DA3E1ADAB8B} = {02EA681E-C7D8-13C7-8484-4AC65E1B71E8}
		{210F6858-0516-4AF0-A448-A5F6538134FE} = {02EA681E-C7D8-13C7-8484-4AC65E1B71E8}
		{AF370882-7DF3-45FA-8B03-DA7871B3F6D3} = {02EA681E-C7D8-13C7-8484-4AC65E1B71E8}
		{077EB4C5-B0C0-4648-8817-A7114814CE3B} = {AF370882-7DF3-45FA-8B03-DA7871B3F6D3}
		{024B888B-705C-45A1-88BC-F87677F327CB} = {7B6C22B5-66CC-4BB5-9CC6-7DA3E1ADAB8B}
		{6F8A65A4-A114-49E6-BAF2-96D73EF892C0} = {7B6C22B5-66CC-4BB5-9CC6-7DA3E1ADAB8B}
		{B54F1B16-9405-42BD-9DAE-7C4E1CE50691} = {7B6C22B5-66CC-4BB5-9CC6-7DA3E1ADAB8B}
		{B7E54592-FE2B-4A5B-BD68-0C6D4A2A11D3} = {A6B2A7D5-45A3-4024-8AAF-5F2BE3A9AC93}
		{9C6BFB3C-B0EC-4E13-9C6A-D79C45C61ABD} = {A6B2A7D5-45A3-4024-8AAF-5F2BE3A9AC93}
		{85887FD0-A058-4EC0-B04A-CE4BBABF795D} = {9C6BFB3C-B0EC-4E13-9C6A-D79C45C61ABD}
		{14AEF48C-6968-48C5-8B45-A628384CDCE7} = {A6B2A7D5-45A3-4024-8AAF-5F2BE3A9AC93}
		{F822A00F-FF74-4251-BEAC-A973867CA29E} = {A6B2A7D5-45A3-4024-8AAF-5F2BE3A9AC93}
		{09962148-35AA-42DA-9967-C8861902C3B2} = {210F6858-0516-4AF0-A448-A5F6538134FE}
		{5A47EEA3-7A84-4A58-825F-E83528CF850C} = {210F6858-0516-4AF0-A448-A5F6538134FE}
		{BC805807-FBAD-463D-903F-DA60CB4B1703} = {210F6858-0516-4AF0-A448-A5F6538134FE}
		{632CC53E-75C4-4CE4-9FD6-3D238CA17193} = {7B6C22B5-66CC-4BB5-9CC6-7DA3E1ADAB8B}
		{EEB752D0-6917-4215-8984-0690B50DCEDC} = {632CC53E-75C4-4CE4-9FD6-3D238CA17193}
		{4E18768C-4721-4381-8E54-D3DEAF197228} = {210F6858-0516-4AF0-A448-A5F6538134FE}
		{98F0946E-3128-4FFD-97F8-E783E129C0E7} = {4E18768C-4721-4381-8E54-D3DEAF197228}
	EndGlobalSection
	GlobalSection(ExtensibilityGlobals) = postSolution
		SolutionGuid = {6CA61515-ECBB-4205-92EE-AC561773703B}
	EndGlobalSection
EndGlobal
